
Microsoft Visual Studio Solution File, Format Version 12.00
# Visual Studio Version 16
VisualStudioVersion = 16.0.30114.105
MinimumVisualStudioVersion = 10.0.40219.1
Project("{FAE04EC0-301F-11D3-BF4B-00C04F79EFBC}") = "api", "api\api.csproj", "{7749D12B-96FF-48A3-933D-89DEDAA0286F}"
EndProject
Global
	GlobalSection(SolutionConfigurationPlatforms) = preSolution
		Debug|Any CPU = Debug|Any CPU
		Release|Any CPU = Release|Any CPU
	EndGlobalSection
	GlobalSection(SolutionProperties) = preSolution
		HideSolutionNode = FALSE
	EndGlobalSection
	GlobalSection(ProjectConfigurationPlatforms) = postSolution
		{7749D12B-96FF-48A3-933D-89DEDAA0286F}.Debug|Any CPU.ActiveCfg = Debug|Any CPU
		{7749D12B-96FF-48A3-933D-89DEDAA0286F}.Debug|Any CPU.Build.0 = Debug|Any CPU
		{7749D12B-96FF-48A3-933D-89DEDAA0286F}.Release|Any CPU.ActiveCfg = Release|Any CPU
		{7749D12B-96FF-48A3-933D-89DEDAA0286F}.Release|Any CPU.Build.0 = Release|Any CPU
		{DDCDBE3B-C598-43DE-8C4E-20BA021C3E46}.Debug|Any CPU.ActiveCfg = Debug|Any CPU
		{DDCDBE3B-C598-43DE-8C4E-20BA021C3E46}.Debug|Any CPU.Build.0 = Debug|Any CPU
		{DDCDBE3B-C598-43DE-8C4E-20BA021C3E46}.Release|Any CPU.ActiveCfg = Release|Any CPU
		{DDCDBE3B-C598-43DE-8C4E-20BA021C3E46}.Release|Any CPU.Build.0 = Release|Any CPU
	EndGlobalSection
EndGlobal
